// !$*UTF8*$!
{
	archiveVersion = 1;
	classes = {
	};
	objectVersion = 50;
	objects = {

/* Begin PBXBuildFile section */
		064C646825E8EB6F0023749B /* AppDelegate.swift in Sources */ = {isa = PBXBuildFile; fileRef = 064C646725E8EB6F0023749B /* AppDelegate.swift */; };
		064C646A25E8EB6F0023749B /* SceneDelegate.swift in Sources */ = {isa = PBXBuildFile; fileRef = 064C646925E8EB6F0023749B /* SceneDelegate.swift */; };
		064C646C25E8EB6F0023749B /* ViewController.swift in Sources */ = {isa = PBXBuildFile; fileRef = 064C646B25E8EB6F0023749B /* ViewController.swift */; };
		064C646F25E8EB6F0023749B /* Main.storyboard in Resources */ = {isa = PBXBuildFile; fileRef = 064C646D25E8EB6F0023749B /* Main.storyboard */; };
		064C647125E8EB730023749B /* Assets.xcassets in Resources */ = {isa = PBXBuildFile; fileRef = 064C647025E8EB730023749B /* Assets.xcassets */; };
		064C647425E8EB730023749B /* LaunchScreen.storyboard in Resources */ = {isa = PBXBuildFile; fileRef = 064C647225E8EB730023749B /* LaunchScreen.storyboard */; };
		064C647F25E8EB730023749B /* testDebugTests.swift in Sources */ = {isa = PBXBuildFile; fileRef = 064C647E25E8EB730023749B /* testDebugTests.swift */; };
		064C648A25E8EB730023749B /* testDebugUITests.swift in Sources */ = {isa = PBXBuildFile; fileRef = 064C648925E8EB730023749B /* testDebugUITests.swift */; };
/* End PBXBuildFile section */

/* Begin PBXContainerItemProxy section */
		064C647B25E8EB730023749B /* PBXContainerItemProxy */ = {
			isa = PBXContainerItemProxy;
			containerPortal = 064C645C25E8EB6F0023749B /* Project object */;
			proxyType = 1;
			remoteGlobalIDString = 064C646325E8EB6F0023749B;
			remoteInfo = testDebug;
		};
		064C648625E8EB730023749B /* PBXContainerItemProxy */ = {
			isa = PBXContainerItemProxy;
			containerPortal = 064C645C25E8EB6F0023749B /* Project object */;
			proxyType = 1;
			remoteGlobalIDString = 064C646325E8EB6F0023749B;
			remoteInfo = testDebug;
		};
/* End PBXContainerItemProxy section */

/* Begin PBXFileReference section */
		064C646425E8EB6F0023749B /* testDebug.app */ = {isa = PBXFileReference; explicitFileType = wrapper.application; includeInIndex = 0; path = testDebug.app; sourceTree = BUILT_PRODUCTS_DIR; };
		064C646725E8EB6F0023749B /* AppDelegate.swift */ = {isa = PBXFileReference; lastKnownFileType = sourcecode.swift; path = AppDelegate.swift; sourceTree = "<group>"; };
		064C646925E8EB6F0023749B /* SceneDelegate.swift */ = {isa = PBXFileReference; lastKnownFileType = sourcecode.swift; path = SceneDelegate.swift; sourceTree = "<group>"; };
		064C646B25E8EB6F0023749B /* ViewController.swift */ = {isa = PBXFileReference; lastKnownFileType = sourcecode.swift; path = ViewController.swift; sourceTree = "<group>"; };
		064C646E25E8EB6F0023749B /* Base */ = {isa = PBXFileReference; lastKnownFileType = file.storyboard; name = Base; path = Base.lproj/Main.storyboard; sourceTree = "<group>"; };
		064C647025E8EB730023749B /* Assets.xcassets */ = {isa = PBXFileReference; lastKnownFileType = folder.assetcatalog; path = Assets.xcassets; sourceTree = "<group>"; };
		064C647325E8EB730023749B /* Base */ = {isa = PBXFileReference; lastKnownFileType = file.storyboard; name = Base; path = Base.lproj/LaunchScreen.storyboard; sourceTree = "<group>"; };
		064C647525E8EB730023749B /* Info.plist */ = {isa = PBXFileReference; lastKnownFileType = text.plist.xml; path = Info.plist; sourceTree = "<group>"; };
		064C647A25E8EB730023749B /* testDebugTests.xctest */ = {isa = PBXFileReference; explicitFileType = wrapper.cfbundle; includeInIndex = 0; path = testDebugTests.xctest; sourceTree = BUILT_PRODUCTS_DIR; };
		064C647E25E8EB730023749B /* testDebugTests.swift */ = {isa = PBXFileReference; lastKnownFileType = sourcecode.swift; path = testDebugTests.swift; sourceTree = "<group>"; };
		064C648025E8EB730023749B /* Info.plist */ = {isa = PBXFileReference; lastKnownFileType = text.plist.xml; path = Info.plist; sourceTree = "<group>"; };
		064C648525E8EB730023749B /* testDebugUITests.xctest */ = {isa = PBXFileReference; explicitFileType = wrapper.cfbundle; includeInIndex = 0; path = testDebugUITests.xctest; sourceTree = BUILT_PRODUCTS_DIR; };
		064C648925E8EB730023749B /* testDebugUITests.swift */ = {isa = PBXFileReference; lastKnownFileType = sourcecode.swift; path = testDebugUITests.swift; sourceTree = "<group>"; };
		064C648B25E8EB730023749B /* Info.plist */ = {isa = PBXFileReference; lastKnownFileType = text.plist.xml; path = Info.plist; sourceTree = "<group>"; };
/* End PBXFileReference section */

/* Begin PBXFrameworksBuildPhase section */
		064C646125E8EB6F0023749B /* Frameworks */ = {
			isa = PBXFrameworksBuildPhase;
			buildActionMask = 2147483647;
			files = (
			);
			runOnlyForDeploymentPostprocessing = 0;
		};
		064C647725E8EB730023749B /* Frameworks */ = {
			isa = PBXFrameworksBuildPhase;
			buildActionMask = 2147483647;
			files = (
			);
			runOnlyForDeploymentPostprocessing = 0;
		};
		064C648225E8EB730023749B /* Frameworks */ = {
			isa = PBXFrameworksBuildPhase;
			buildActionMask = 2147483647;
			files = (
			);
			runOnlyForDeploymentPostprocessing = 0;
		};
/* End PBXFrameworksBuildPhase section */

/* Begin PBXGroup section */
		064C645B25E8EB6F0023749B = {
			isa = PBXGroup;
			children = (
				064C646625E8EB6F0023749B /* testDebug */,
				064C647D25E8EB730023749B /* testDebugTests */,
				064C648825E8EB730023749B /* testDebugUITests */,
				064C646525E8EB6F0023749B /* Products */,
			);
			sourceTree = "<group>";
		};
		064C646525E8EB6F0023749B /* Products */ = {
			isa = PBXGroup;
			children = (
				064C646425E8EB6F0023749B /* testDebug.app */,
				064C647A25E8EB730023749B /* testDebugTests.xctest */,
				064C648525E8EB730023749B /* testDebugUITests.xctest */,
			);
			name = Products;
			sourceTree = "<group>";
		};
		064C646625E8EB6F0023749B /* testDebug */ = {
			isa = PBXGroup;
			children = (
				064C646725E8EB6F0023749B /* AppDelegate.swift */,
				064C646925E8EB6F0023749B /* SceneDelegate.swift */,
				064C646B25E8EB6F0023749B /* ViewController.swift */,
				064C646D25E8EB6F0023749B /* Main.storyboard */,
				064C647025E8EB730023749B /* Assets.xcassets */,
				064C647225E8EB730023749B /* LaunchScreen.storyboard */,
				064C647525E8EB730023749B /* Info.plist */,
			);
			path = testDebug;
			sourceTree = "<group>";
		};
		064C647D25E8EB730023749B /* testDebugTests */ = {
			isa = PBXGroup;
			children = (
				064C647E25E8EB730023749B /* testDebugTests.swift */,
				064C648025E8EB730023749B /* Info.plist */,
			);
			path = testDebugTests;
			sourceTree = "<group>";
		};
		064C648825E8EB730023749B /* testDebugUITests */ = {
			isa = PBXGroup;
			children = (
				064C648925E8EB730023749B /* testDebugUITests.swift */,
				064C648B25E8EB730023749B /* Info.plist */,
			);
			path = testDebugUITests;
			sourceTree = "<group>";
		};
/* End PBXGroup section */

/* Begin PBXNativeTarget section */
		064C646325E8EB6F0023749B /* testDebug */ = {
			isa = PBXNativeTarget;
			buildConfigurationList = 064C648E25E8EB730023749B /* Build configuration list for PBXNativeTarget "testDebug" */;
			buildPhases = (
				064C646025E8EB6F0023749B /* Sources */,
				064C646125E8EB6F0023749B /* Frameworks */,
				064C646225E8EB6F0023749B /* Resources */,
			);
			buildRules = (
			);
			dependencies = (
			);
			name = testDebug;
			productName = testDebug;
			productReference = 064C646425E8EB6F0023749B /* testDebug.app */;
			productType = "com.apple.product-type.application";
		};
		064C647925E8EB730023749B /* testDebugTests */ = {
			isa = PBXNativeTarget;
			buildConfigurationList = 064C649125E8EB730023749B /* Build configuration list for PBXNativeTarget "testDebugTests" */;
			buildPhases = (
				064C647625E8EB730023749B /* Sources */,
				064C647725E8EB730023749B /* Frameworks */,
				064C647825E8EB730023749B /* Resources */,
			);
			buildRules = (
			);
			dependencies = (
				064C647C25E8EB730023749B /* PBXTargetDependency */,
			);
			name = testDebugTests;
			productName = testDebugTests;
			productReference = 064C647A25E8EB730023749B /* testDebugTests.xctest */;
			productType = "com.apple.product-type.bundle.unit-test";
		};
		064C648425E8EB730023749B /* testDebugUITests */ = {
			isa = PBXNativeTarget;
			buildConfigurationList = 064C649425E8EB730023749B /* Build configuration list for PBXNativeTarget "testDebugUITests" */;
			buildPhases = (
				064C648125E8EB730023749B /* Sources */,
				064C648225E8EB730023749B /* Frameworks */,
				064C648325E8EB730023749B /* Resources */,
			);
			buildRules = (
			);
			dependencies = (
				064C648725E8EB730023749B /* PBXTargetDependency */,
			);
			name = testDebugUITests;
			productName = testDebugUITests;
			productReference = 064C648525E8EB730023749B /* testDebugUITests.xctest */;
			productType = "com.apple.product-type.bundle.ui-testing";
		};
/* End PBXNativeTarget section */

/* Begin PBXProject section */
		064C645C25E8EB6F0023749B /* Project object */ = {
			isa = PBXProject;
			attributes = {
				LastSwiftUpdateCheck = 1220;
				LastUpgradeCheck = 1220;
				TargetAttributes = {
					064C646325E8EB6F0023749B = {
						CreatedOnToolsVersion = 12.2;
					};
					064C647925E8EB730023749B = {
						CreatedOnToolsVersion = 12.2;
						TestTargetID = 064C646325E8EB6F0023749B;
					};
					064C648425E8EB730023749B = {
						CreatedOnToolsVersion = 12.2;
						TestTargetID = 064C646325E8EB6F0023749B;
					};
				};
			};
			buildConfigurationList = 064C645F25E8EB6F0023749B /* Build configuration list for PBXProject "testDebug" */;
			compatibilityVersion = "Xcode 9.3";
			developmentRegion = en;
			hasScannedForEncodings = 0;
			knownRegions = (
				en,
				Base,
			);
			mainGroup = 064C645B25E8EB6F0023749B;
			productRefGroup = 064C646525E8EB6F0023749B /* Products */;
			projectDirPath = "";
			projectRoot = "";
			targets = (
				064C646325E8EB6F0023749B /* testDebug */,
				064C647925E8EB730023749B /* testDebugTests */,
				064C648425E8EB730023749B /* testDebugUITests */,
			);
		};
/* End PBXProject section */

/* Begin PBXResourcesBuildPhase section */
		064C646225E8EB6F0023749B /* Resources */ = {
			isa = PBXResourcesBuildPhase;
			buildActionMask = 2147483647;
			files = (
				064C647425E8EB730023749B /* LaunchScreen.storyboard in Resources */,
				064C647125E8EB730023749B /* Assets.xcassets in Resources */,
				064C646F25E8EB6F0023749B /* Main.storyboard in Resources */,
			);
			runOnlyForDeploymentPostprocessing = 0;
		};
		064C647825E8EB730023749B /* Resources */ = {
			isa = PBXResourcesBuildPhase;
			buildActionMask = 2147483647;
			files = (
			);
			runOnlyForDeploymentPostprocessing = 0;
		};
		064C648325E8EB730023749B /* Resources */ = {
			isa = PBXResourcesBuildPhase;
			buildActionMask = 2147483647;
			files = (
			);
			runOnlyForDeploymentPostprocessing = 0;
		};
/* End PBXResourcesBuildPhase section */

/* Begin PBXSourcesBuildPhase section */
		064C646025E8EB6F0023749B /* Sources */ = {
			isa = PBXSourcesBuildPhase;
			buildActionMask = 2147483647;
			files = (
				064C646C25E8EB6F0023749B /* ViewController.swift in Sources */,
				064C646825E8EB6F0023749B /* AppDelegate.swift in Sources */,
				064C646A25E8EB6F0023749B /* SceneDelegate.swift in Sources */,
			);
			runOnlyForDeploymentPostprocessing = 0;
		};
		064C647625E8EB730023749B /* Sources */ = {
			isa = PBXSourcesBuildPhase;
			buildActionMask = 2147483647;
			files = (
				064C647F25E8EB730023749B /* testDebugTests.swift in Sources */,
			);
			runOnlyForDeploymentPostprocessing = 0;
		};
		064C648125E8EB730023749B /* Sources */ = {
			isa = PBXSourcesBuildPhase;
			buildActionMask = 2147483647;
			files = (
				064C648A25E8EB730023749B /* testDebugUITests.swift in Sources */,
			);
			runOnlyForDeploymentPostprocessing = 0;
		};
/* End PBXSourcesBuildPhase section */

/* Begin PBXTargetDependency section */
		064C647C25E8EB730023749B /* PBXTargetDependency */ = {
			isa = PBXTargetDependency;
			target = 064C646325E8EB6F0023749B /* testDebug */;
			targetProxy = 064C647B25E8EB730023749B /* PBXContainerItemProxy */;
		};
		064C648725E8EB730023749B /* PBXTargetDependency */ = {
			isa = PBXTargetDependency;
			target = 064C646325E8EB6F0023749B /* testDebug */;
			targetProxy = 064C648625E8EB730023749B /* PBXContainerItemProxy */;
		};
/* End PBXTargetDependency section */

/* Begin PBXVariantGroup section */
		064C646D25E8EB6F0023749B /* Main.storyboard */ = {
			isa = PBXVariantGroup;
			children = (
				064C646E25E8EB6F0023749B /* Base */,
			);
			name = Main.storyboard;
			sourceTree = "<group>";
		};
		064C647225E8EB730023749B /* LaunchScreen.storyboard */ = {
			isa = PBXVariantGroup;
			children = (
				064C647325E8EB730023749B /* Base */,
			);
			name = LaunchScreen.storyboard;
			sourceTree = "<group>";
		};
/* End PBXVariantGroup section */

/* Begin XCBuildConfiguration section */
		064C648C25E8EB730023749B /* Debug */ = {
			isa = XCBuildConfiguration;
			buildSettings = {
				ALWAYS_SEARCH_USER_PATHS = NO;
				CLANG_ANALYZER_NONNULL = YES;
				CLANG_ANALYZER_NUMBER_OBJECT_CONVERSION = YES_AGGRESSIVE;
				CLANG_CXX_LANGUAGE_STANDARD = "gnu++14";
				CLANG_CXX_LIBRARY = "libc++";
				CLANG_ENABLE_MODULES = YES;
				CLANG_ENABLE_OBJC_ARC = YES;
				CLANG_ENABLE_OBJC_WEAK = YES;
				CLANG_WARN_BLOCK_CAPTURE_AUTORELEASING = YES;
				CLANG_WARN_BOOL_CONVERSION = YES;
				CLANG_WARN_COMMA = YES;
				CLANG_WARN_CONSTANT_CONVERSION = YES;
				CLANG_WARN_DEPRECATED_OBJC_IMPLEMENTATIONS = YES;
				CLANG_WARN_DIRECT_OBJC_ISA_USAGE = YES_ERROR;
				CLANG_WARN_DOCUMENTATION_COMMENTS = YES;
				CLANG_WARN_EMPTY_BODY = YES;
				CLANG_WARN_ENUM_CONVERSION = YES;
				CLANG_WARN_INFINITE_RECURSION = YES;
				CLANG_WARN_INT_CONVERSION = YES;
				CLANG_WARN_NON_LITERAL_NULL_CONVERSION = YES;
				CLANG_WARN_OBJC_IMPLICIT_RETAIN_SELF = YES;
				CLANG_WARN_OBJC_LITERAL_CONVERSION = YES;
				CLANG_WARN_OBJC_ROOT_CLASS = YES_ERROR;
				CLANG_WARN_QUOTED_INCLUDE_IN_FRAMEWORK_HEADER = YES;
				CLANG_WARN_RANGE_LOOP_ANALYSIS = YES;
				CLANG_WARN_STRICT_PROTOTYPES = YES;
				CLANG_WARN_SUSPICIOUS_MOVE = YES;
				CLANG_WARN_UNGUARDED_AVAILABILITY = YES_AGGRESSIVE;
				CLANG_WARN_UNREACHABLE_CODE = YES;
				CLANG_WARN__DUPLICATE_METHOD_MATCH = YES;
				COPY_PHASE_STRIP = NO;
				DEBUG_INFORMATION_FORMAT = dwarf;
				ENABLE_STRICT_OBJC_MSGSEND = YES;
				ENABLE_TESTABILITY = YES;
				GCC_C_LANGUAGE_STANDARD = gnu11;
				GCC_DYNAMIC_NO_PIC = NO;
				GCC_NO_COMMON_BLOCKS = YES;
				GCC_OPTIMIZATION_LEVEL = 0;
				GCC_PREPROCESSOR_DEFINITIONS = (
					"DEBUG=1",
					"$(inherited)",
				);
				GCC_WARN_64_TO_32_BIT_CONVERSION = YES;
				GCC_WARN_ABOUT_RETURN_TYPE = YES_ERROR;
				GCC_WARN_UNDECLARED_SELECTOR = YES;
				GCC_WARN_UNINITIALIZED_AUTOS = YES_AGGRESSIVE;
				GCC_WARN_UNUSED_FUNCTION = YES;
				GCC_WARN_UNUSED_VARIABLE = YES;
				IPHONEOS_DEPLOYMENT_TARGET = 14.2;
				MTL_ENABLE_DEBUG_INFO = INCLUDE_SOURCE;
				MTL_FAST_MATH = YES;
				ONLY_ACTIVE_ARCH = YES;
				SDKROOT = iphoneos;
				SWIFT_ACTIVE_COMPILATION_CONDITIONS = DEBUG;
				SWIFT_OPTIMIZATION_LEVEL = "-Onone";
			};
			name = Debug;
		};
		064C648D25E8EB730023749B /* Release */ = {
			isa = XCBuildConfiguration;
			buildSettings = {
				ALWAYS_SEARCH_USER_PATHS = NO;
				CLANG_ANALYZER_NONNULL = YES;
				CLANG_ANALYZER_NUMBER_OBJECT_CONVERSION = YES_AGGRESSIVE;
				CLANG_CXX_LANGUAGE_STANDARD = "gnu++14";
				CLANG_CXX_LIBRARY = "libc++";
				CLANG_ENABLE_MODULES = YES;
				CLANG_ENABLE_OBJC_ARC = YES;
				CLANG_ENABLE_OBJC_WEAK = YES;
				CLANG_WARN_BLOCK_CAPTURE_AUTORELEASING = YES;
				CLANG_WARN_BOOL_CONVERSION = YES;
				CLANG_WARN_COMMA = YES;
				CLANG_WARN_CONSTANT_CONVERSION = YES;
				CLANG_WARN_DEPRECATED_OBJC_IMPLEMENTATIONS = YES;
				CLANG_WARN_DIRECT_OBJC_ISA_USAGE = YES_ERROR;
				CLANG_WARN_DOCUMENTATION_COMMENTS = YES;
				CLANG_WARN_EMPTY_BODY = YES;
				CLANG_WARN_ENUM_CONVERSION = YES;
				CLANG_WARN_INFINITE_RECURSION = YES;
				CLANG_WARN_INT_CONVERSION = YES;
				CLANG_WARN_NON_LITERAL_NULL_CONVERSION = YES;
				CLANG_WARN_OBJC_IMPLICIT_RETAIN_SELF = YES;
				CLANG_WARN_OBJC_LITERAL_CONVERSION = YES;
				CLANG_WARN_OBJC_ROOT_CLASS = YES_ERROR;
				CLANG_WARN_QUOTED_INCLUDE_IN_FRAMEWORK_HEADER = YES;
				CLANG_WARN_RANGE_LOOP_ANALYSIS = YES;
				CLANG_WARN_STRICT_PROTOTYPES = YES;
				CLANG_WARN_SUSPICIOUS_MOVE = YES;
				CLANG_WARN_UNGUARDED_AVAILABILITY = YES_AGGRESSIVE;
				CLANG_WARN_UNREACHABLE_CODE = YES;
				CLANG_WARN__DUPLICATE_METHOD_MATCH = YES;
				COPY_PHASE_STRIP = NO;
				DEBUG_INFORMATION_FORMAT = "dwarf-with-dsym";
				ENABLE_NS_ASSERTIONS = NO;
				ENABLE_STRICT_OBJC_MSGSEND = YES;
				GCC_C_LANGUAGE_STANDARD = gnu11;
				GCC_NO_COMMON_BLOCKS = YES;
				GCC_WARN_64_TO_32_BIT_CONVERSION = YES;
				GCC_WARN_ABOUT_RETURN_TYPE = YES_ERROR;
				GCC_WARN_UNDECLARED_SELECTOR = YES;
				GCC_WARN_UNINITIALIZED_AUTOS = YES_AGGRESSIVE;
				GCC_WARN_UNUSED_FUNCTION = YES;
				GCC_WARN_UNUSED_VARIABLE = YES;
				IPHONEOS_DEPLOYMENT_TARGET = 14.2;
				MTL_ENABLE_DEBUG_INFO = NO;
				MTL_FAST_MATH = YES;
				SDKROOT = iphoneos;
				SWIFT_COMPILATION_MODE = wholemodule;
				SWIFT_OPTIMIZATION_LEVEL = "-O";
				VALIDATE_PRODUCT = YES;
			};
			name = Release;
		};
		064C648F25E8EB730023749B /* Debug */ = {
			isa = XCBuildConfiguration;
			buildSettings = {
				ASSETCATALOG_COMPILER_APPICON_NAME = AppIcon;
				ASSETCATALOG_COMPILER_GLOBAL_ACCENT_COLOR_NAME = AccentColor;
				CODE_SIGN_STYLE = Automatic;
				INFOPLIST_FILE = testDebug/Info.plist;
				LD_RUNPATH_SEARCH_PATHS = (
					"$(inherited)",
					"@executable_path/Frameworks",
				);
				PRODUCT_BUNDLE_IDENTIFIER = mubozk.testDebug;
				PRODUCT_NAME = "$(TARGET_NAME)";
				SWIFT_VERSION = 5.0;
				TARGETED_DEVICE_FAMILY = "1,2";
			};
			name = Debug;
		};
		064C649025E8EB730023749B /* Release */ = {
			isa = XCBuildConfiguration;
			buildSettings = {
				ASSETCATALOG_COMPILER_APPICON_NAME = AppIcon;
				ASSETCATALOG_COMPILER_GLOBAL_ACCENT_COLOR_NAME = AccentColor;
				CODE_SIGN_STYLE = Automatic;
				INFOPLIST_FILE = testDebug/Info.plist;
				LD_RUNPATH_SEARCH_PATHS = (
					"$(inherited)",
					"@executable_path/Frameworks",
				);
				PRODUCT_BUNDLE_IDENTIFIER = mubozk.testDebug;
				PRODUCT_NAME = "$(TARGET_NAME)";
				SWIFT_VERSION = 5.0;
				TARGETED_DEVICE_FAMILY = "1,2";
			};
			name = Release;
		};
		064C649225E8EB730023749B /* Debug */ = {
			isa = XCBuildConfiguration;
			buildSettings = {
				ALWAYS_EMBED_SWIFT_STANDARD_LIBRARIES = YES;
				BUNDLE_LOADER = "$(TEST_HOST)";
				CODE_SIGN_STYLE = Automatic;
				INFOPLIST_FILE = testDebugTests/Info.plist;
				IPHONEOS_DEPLOYMENT_TARGET = 14.2;
				LD_RUNPATH_SEARCH_PATHS = (
					"$(inherited)",
					"@executable_path/Frameworks",
					"@loader_path/Frameworks",
				);
				PRODUCT_BUNDLE_IDENTIFIER = mubozk.testDebugTests;
				PRODUCT_NAME = "$(TARGET_NAME)";
				SWIFT_VERSION = 5.0;
				TARGETED_DEVICE_FAMILY = "1,2";
				TEST_HOST = "$(BUILT_PRODUCTS_DIR)/testDebug.app/testDebug";
			};
			name = Debug;
		};
		064C649325E8EB730023749B /* Release */ = {
			isa = XCBuildConfiguration;
			buildSettings = {
				ALWAYS_EMBED_SWIFT_STANDARD_LIBRARIES = YES;
				BUNDLE_LOADER = "$(TEST_HOST)";
				CODE_SIGN_STYLE = Automatic;
				INFOPLIST_FILE = testDebugTests/Info.plist;
				IPHONEOS_DEPLOYMENT_TARGET = 14.2;
				LD_RUNPATH_SEARCH_PATHS = (
					"$(inherited)",
					"@executable_path/Frameworks",
					"@loader_path/Frameworks",
				);
				PRODUCT_BUNDLE_IDENTIFIER = mubozk.testDebugTests;
				PRODUCT_NAME = "$(TARGET_NAME)";
				SWIFT_VERSION = 5.0;
				TARGETED_DEVICE_FAMILY = "1,2";
				TEST_HOST = "$(BUILT_PRODUCTS_DIR)/testDebug.app/testDebug";
			};
			name = Release;
		};
		064C649525E8EB730023749B /* Debug */ = {
			isa = XCBuildConfiguration;
			buildSettings = {
				ALWAYS_EMBED_SWIFT_STANDARD_LIBRARIES = YES;
				CODE_SIGN_STYLE = Automatic;
				INFOPLIST_FILE = testDebugUITests/Info.plist;
				LD_RUNPATH_SEARCH_PATHS = (
					"$(inherited)",
					"@executable_path/Frameworks",
					"@loader_path/Frameworks",
				);
				PRODUCT_BUNDLE_IDENTIFIER = mubozk.testDebugUITests;
				PRODUCT_NAME = "$(TARGET_NAME)";
				SWIFT_VERSION = 5.0;
				TARGETED_DEVICE_FAMILY = "1,2";
				TEST_TARGET_NAME = testDebug;
			};
			name = Debug;
		};
		064C649625E8EB730023749B /* Release */ = {
			isa = XCBuildConfiguration;
			buildSettings = {
				ALWAYS_EMBED_SWIFT_STANDARD_LIBRARIES = YES;
				CODE_SIGN_STYLE = Automatic;
				INFOPLIST_FILE = testDebugUITests/Info.plist;
				LD_RUNPATH_SEARCH_PATHS = (
					"$(inherited)",
					"@executable_path/Frameworks",
					"@loader_path/Frameworks",
				);
				PRODUCT_BUNDLE_IDENTIFIER = mubozk.testDebugUITests;
				PRODUCT_NAME = "$(TARGET_NAME)";
				SWIFT_VERSION = 5.0;
				TARGETED_DEVICE_FAMILY = "1,2";
				TEST_TARGET_NAME = testDebug;
			};
			name = Release;
		};
/* End XCBuildConfiguration section */

/* Begin XCConfigurationList section */
		064C645F25E8EB6F0023749B /* Build configuration list for PBXProject "testDebug" */ = {
			isa = XCConfigurationList;
			buildConfigurations = (
				064C648C25E8EB730023749B /* Debug */,
				064C648D25E8EB730023749B /* Release */,
			);
			defaultConfigurationIsVisible = 0;
			defaultConfigurationName = Release;
		};
		064C648E25E8EB730023749B /* Build configuration list for PBXNativeTarget "testDebug" */ = {
			isa = XCConfigurationList;
			buildConfigurations = (
				064C648F25E8EB730023749B /* Debug */,
				064C649025E8EB730023749B /* Release */,
			);
			defaultConfigurationIsVisible = 0;
			defaultConfigurationName = Release;
		};
		064C649125E8EB730023749B /* Build configuration list for PBXNativeTarget "testDebugTests" */ = {
			isa = XCConfigurationList;
			buildConfigurations = (
				064C649225E8EB730023749B /* Debug */,
				064C649325E8EB730023749B /* Release */,
			);
			defaultConfigurationIsVisible = 0;
			defaultConfigurationName = Release;
		};
		064C649425E8EB730023749B /* Build configuration list for PBXNativeTarget "testDebugUITests" */ = {
			isa = XCConfigurationList;
			buildConfigurations = (
				064C649525E8EB730023749B /* Debug */,
				064C649625E8EB730023749B /* Release */,
			);
			defaultConfigurationIsVisible = 0;
			defaultConfigurationName = Release;
		};
/* End XCConfigurationList section */
	};
	rootObject = 064C645C25E8EB6F0023749B /* Project object */;
}
