// !$*UTF8*$!
{
	archiveVersion = 1;
	classes = {
	};
	objectVersion = 50;
	objects = {

/* Begin PBXBuildFile section */
		06C25B1E256345BD00B7E8BD /* AppDelegate.swift in Sources */ = {isa = PBXBuildFile; fileRef = 06C25B1D256345BD00B7E8BD /* AppDelegate.swift */; };
		06C25B20256345BD00B7E8BD /* SceneDelegate.swift in Sources */ = {isa = PBXBuildFile; fileRef = 06C25B1F256345BD00B7E8BD /* SceneDelegate.swift */; };
		06C25B22256345BD00B7E8BD /* ViewController.swift in Sources */ = {isa = PBXBuildFile; fileRef = 06C25B21256345BD00B7E8BD /* ViewController.swift */; };
		06C25B25256345BD00B7E8BD /* Main.storyboard in Resources */ = {isa = PBXBuildFile; fileRef = 06C25B23256345BD00B7E8BD /* Main.storyboard */; };
		06C25B27256345C200B7E8BD /* Assets.xcassets in Resources */ = {isa = PBXBuildFile; fileRef = 06C25B26256345C200B7E8BD /* Assets.xcassets */; };
		06C25B2A256345C200B7E8BD /* LaunchScreen.storyboard in Resources */ = {isa = PBXBuildFile; fileRef = 06C25B28256345C200B7E8BD /* LaunchScreen.storyboard */; };
		06C25B35256345C200B7E8BD /* SillySongTests.swift in Sources */ = {isa = PBXBuildFile; fileRef = 06C25B34256345C200B7E8BD /* SillySongTests.swift */; };
/* End PBXBuildFile section */

/* Begin PBXContainerItemProxy section */
		06C25B31256345C200B7E8BD /* PBXContainerItemProxy */ = {
			isa = PBXContainerItemProxy;
			containerPortal = 06C25B12256345BD00B7E8BD /* Project object */;
			proxyType = 1;
			remoteGlobalIDString = 06C25B19256345BD00B7E8BD;
			remoteInfo = SillySong;
		};
/* End PBXContainerItemProxy section */

/* Begin PBXFileReference section */
		06C25B1A256345BD00B7E8BD /* SillySong.app */ = {isa = PBXFileReference; explicitFileType = wrapper.application; includeInIndex = 0; path = SillySong.app; sourceTree = BUILT_PRODUCTS_DIR; };
		06C25B1D256345BD00B7E8BD /* AppDelegate.swift */ = {isa = PBXFileReference; lastKnownFileType = sourcecode.swift; path = AppDelegate.swift; sourceTree = "<group>"; };
		06C25B1F256345BD00B7E8BD /* SceneDelegate.swift */ = {isa = PBXFileReference; lastKnownFileType = sourcecode.swift; path = SceneDelegate.swift; sourceTree = "<group>"; };
		06C25B21256345BD00B7E8BD /* ViewController.swift */ = {isa = PBXFileReference; lastKnownFileType = sourcecode.swift; path = ViewController.swift; sourceTree = "<group>"; };
		06C25B24256345BD00B7E8BD /* Base */ = {isa = PBXFileReference; lastKnownFileType = file.storyboard; name = Base; path = Base.lproj/Main.storyboard; sourceTree = "<group>"; };
		06C25B26256345C200B7E8BD /* Assets.xcassets */ = {isa = PBXFileReference; lastKnownFileType = folder.assetcatalog; path = Assets.xcassets; sourceTree = "<group>"; };
		06C25B29256345C200B7E8BD /* Base */ = {isa = PBXFileReference; lastKnownFileType = file.storyboard; name = Base; path = Base.lproj/LaunchScreen.storyboard; sourceTree = "<group>"; };
		06C25B2B256345C200B7E8BD /* Info.plist */ = {isa = PBXFileReference; lastKnownFileType = text.plist.xml; path = Info.plist; sourceTree = "<group>"; };
		06C25B30256345C200B7E8BD /* SillySongTests.xctest */ = {isa = PBXFileReference; explicitFileType = wrapper.cfbundle; includeInIndex = 0; path = SillySongTests.xctest; sourceTree = BUILT_PRODUCTS_DIR; };
		06C25B34256345C200B7E8BD /* SillySongTests.swift */ = {isa = PBXFileReference; lastKnownFileType = sourcecode.swift; path = SillySongTests.swift; sourceTree = "<group>"; };
		06C25B36256345C200B7E8BD /* Info.plist */ = {isa = PBXFileReference; lastKnownFileType = text.plist.xml; path = Info.plist; sourceTree = "<group>"; };
/* End PBXFileReference section */

/* Begin PBXFrameworksBuildPhase section */
		06C25B17256345BD00B7E8BD /* Frameworks */ = {
			isa = PBXFrameworksBuildPhase;
			buildActionMask = 2147483647;
			files = (
			);
			runOnlyForDeploymentPostprocessing = 0;
		};
		06C25B2D256345C200B7E8BD /* Frameworks */ = {
			isa = PBXFrameworksBuildPhase;
			buildActionMask = 2147483647;
			files = (
			);
			runOnlyForDeploymentPostprocessing = 0;
		};
/* End PBXFrameworksBuildPhase section */

/* Begin PBXGroup section */
		06C25B11256345BD00B7E8BD = {
			isa = PBXGroup;
			children = (
				06C25B1C256345BD00B7E8BD /* SillySong */,
				06C25B33256345C200B7E8BD /* SillySongTests */,
				06C25B1B256345BD00B7E8BD /* Products */,
			);
			sourceTree = "<group>";
		};
		06C25B1B256345BD00B7E8BD /* Products */ = {
			isa = PBXGroup;
			children = (
				06C25B1A256345BD00B7E8BD /* SillySong.app */,
				06C25B30256345C200B7E8BD /* SillySongTests.xctest */,
			);
			name = Products;
			sourceTree = "<group>";
		};
		06C25B1C256345BD00B7E8BD /* SillySong */ = {
			isa = PBXGroup;
			children = (
				06C25B1D256345BD00B7E8BD /* AppDelegate.swift */,
				06C25B1F256345BD00B7E8BD /* SceneDelegate.swift */,
				06C25B21256345BD00B7E8BD /* ViewController.swift */,
				06C25B23256345BD00B7E8BD /* Main.storyboard */,
				06C25B26256345C200B7E8BD /* Assets.xcassets */,
				06C25B28256345C200B7E8BD /* LaunchScreen.storyboard */,
				06C25B2B256345C200B7E8BD /* Info.plist */,
			);
			path = SillySong;
			sourceTree = "<group>";
		};
		06C25B33256345C200B7E8BD /* SillySongTests */ = {
			isa = PBXGroup;
			children = (
				06C25B34256345C200B7E8BD /* SillySongTests.swift */,
				06C25B36256345C200B7E8BD /* Info.plist */,
			);
			path = SillySongTests;
			sourceTree = "<group>";
		};
/* End PBXGroup section */

/* Begin PBXNativeTarget section */
		06C25B19256345BD00B7E8BD /* SillySong */ = {
			isa = PBXNativeTarget;
			buildConfigurationList = 06C25B39256345C200B7E8BD /* Build configuration list for PBXNativeTarget "SillySong" */;
			buildPhases = (
				06C25B16256345BD00B7E8BD /* Sources */,
				06C25B17256345BD00B7E8BD /* Frameworks */,
				06C25B18256345BD00B7E8BD /* Resources */,
			);
			buildRules = (
			);
			dependencies = (
			);
			name = SillySong;
			productName = SillySong;
			productReference = 06C25B1A256345BD00B7E8BD /* SillySong.app */;
			productType = "com.apple.product-type.application";
		};
		06C25B2F256345C200B7E8BD /* SillySongTests */ = {
			isa = PBXNativeTarget;
			buildConfigurationList = 06C25B3C256345C200B7E8BD /* Build configuration list for PBXNativeTarget "SillySongTests" */;
			buildPhases = (
				06C25B2C256345C200B7E8BD /* Sources */,
				06C25B2D256345C200B7E8BD /* Frameworks */,
				06C25B2E256345C200B7E8BD /* Resources */,
			);
			buildRules = (
			);
			dependencies = (
				06C25B32256345C200B7E8BD /* PBXTargetDependency */,
			);
			name = SillySongTests;
			productName = SillySongTests;
			productReference = 06C25B30256345C200B7E8BD /* SillySongTests.xctest */;
			productType = "com.apple.product-type.bundle.unit-test";
		};
/* End PBXNativeTarget section */

/* Begin PBXProject section */
		06C25B12256345BD00B7E8BD /* Project object */ = {
			isa = PBXProject;
			attributes = {
				LastSwiftUpdateCheck = 1170;
				LastUpgradeCheck = 1170;
				ORGANIZATIONNAME = Bozkurt;
				TargetAttributes = {
					06C25B19256345BD00B7E8BD = {
						CreatedOnToolsVersion = 11.7;
					};
					06C25B2F256345C200B7E8BD = {
						CreatedOnToolsVersion = 11.7;
						TestTargetID = 06C25B19256345BD00B7E8BD;
					};
				};
			};
			buildConfigurationList = 06C25B15256345BD00B7E8BD /* Build configuration list for PBXProject "SillySong" */;
			compatibilityVersion = "Xcode 9.3";
			developmentRegion = en;
			hasScannedForEncodings = 0;
			knownRegions = (
				en,
				Base,
			);
			mainGroup = 06C25B11256345BD00B7E8BD;
			productRefGroup = 06C25B1B256345BD00B7E8BD /* Products */;
			projectDirPath = "";
			projectRoot = "";
			targets = (
				06C25B19256345BD00B7E8BD /* SillySong */,
				06C25B2F256345C200B7E8BD /* SillySongTests */,
			);
		};
/* End PBXProject section */

/* Begin PBXResourcesBuildPhase section */
		06C25B18256345BD00B7E8BD /* Resources */ = {
			isa = PBXResourcesBuildPhase;
			buildActionMask = 2147483647;
			files = (
				06C25B2A256345C200B7E8BD /* LaunchScreen.storyboard in Resources */,
				06C25B27256345C200B7E8BD /* Assets.xcassets in Resources */,
				06C25B25256345BD00B7E8BD /* Main.storyboard in Resources */,
			);
			runOnlyForDeploymentPostprocessing = 0;
		};
		06C25B2E256345C200B7E8BD /* Resources */ = {
			isa = PBXResourcesBuildPhase;
			buildActionMask = 2147483647;
			files = (
			);
			runOnlyForDeploymentPostprocessing = 0;
		};
/* End PBXResourcesBuildPhase section */

/* Begin PBXSourcesBuildPhase section */
		06C25B16256345BD00B7E8BD /* Sources */ = {
			isa = PBXSourcesBuildPhase;
			buildActionMask = 2147483647;
			files = (
				06C25B22256345BD00B7E8BD /* ViewController.swift in Sources */,
				06C25B1E256345BD00B7E8BD /* AppDelegate.swift in Sources */,
				06C25B20256345BD00B7E8BD /* SceneDelegate.swift in Sources */,
			);
			runOnlyForDeploymentPostprocessing = 0;
		};
		06C25B2C256345C200B7E8BD /* Sources */ = {
			isa = PBXSourcesBuildPhase;
			buildActionMask = 2147483647;
			files = (
				06C25B35256345C200B7E8BD /* SillySongTests.swift in Sources */,
			);
			runOnlyForDeploymentPostprocessing = 0;
		};
/* End PBXSourcesBuildPhase section */

/* Begin PBXTargetDependency section */
		06C25B32256345C200B7E8BD /* PBXTargetDependency */ = {
			isa = PBXTargetDependency;
			target = 06C25B19256345BD00B7E8BD /* SillySong */;
			targetProxy = 06C25B31256345C200B7E8BD /* PBXContainerItemProxy */;
		};
/* End PBXTargetDependency section */

/* Begin PBXVariantGroup section */
		06C25B23256345BD00B7E8BD /* Main.storyboard */ = {
			isa = PBXVariantGroup;
			children = (
				06C25B24256345BD00B7E8BD /* Base */,
			);
			name = Main.storyboard;
			sourceTree = "<group>";
		};
		06C25B28256345C200B7E8BD /* LaunchScreen.storyboard */ = {
			isa = PBXVariantGroup;
			children = (
				06C25B29256345C200B7E8BD /* Base */,
			);
			name = LaunchScreen.storyboard;
			sourceTree = "<group>";
		};
/* End PBXVariantGroup section */

/* Begin XCBuildConfiguration section */
		06C25B37256345C200B7E8BD /* Debug */ = {
			isa = XCBuildConfiguration;
			buildSettings = {
				ALWAYS_SEARCH_USER_PATHS = NO;
				CLANG_ANALYZER_NONNULL = YES;
				CLANG_ANALYZER_NUMBER_OBJECT_CONVERSION = YES_AGGRESSIVE;
				CLANG_CXX_LANGUAGE_STANDARD = "gnu++14";
				CLANG_CXX_LIBRARY = "libc++";
				CLANG_ENABLE_MODULES = YES;
				CLANG_ENABLE_OBJC_ARC = YES;
				CLANG_ENABLE_OBJC_WEAK = YES;
				CLANG_WARN_BLOCK_CAPTURE_AUTORELEASING = YES;
				CLANG_WARN_BOOL_CONVERSION = YES;
				CLANG_WARN_COMMA = YES;
				CLANG_WARN_CONSTANT_CONVERSION = YES;
				CLANG_WARN_DEPRECATED_OBJC_IMPLEMENTATIONS = YES;
				CLANG_WARN_DIRECT_OBJC_ISA_USAGE = YES_ERROR;
				CLANG_WARN_DOCUMENTATION_COMMENTS = YES;
				CLANG_WARN_EMPTY_BODY = YES;
				CLANG_WARN_ENUM_CONVERSION = YES;
				CLANG_WARN_INFINITE_RECURSION = YES;
				CLANG_WARN_INT_CONVERSION = YES;
				CLANG_WARN_NON_LITERAL_NULL_CONVERSION = YES;
				CLANG_WARN_OBJC_IMPLICIT_RETAIN_SELF = YES;
				CLANG_WARN_OBJC_LITERAL_CONVERSION = YES;
				CLANG_WARN_OBJC_ROOT_CLASS = YES_ERROR;
				CLANG_WARN_RANGE_LOOP_ANALYSIS = YES;
				CLANG_WARN_STRICT_PROTOTYPES = YES;
				CLANG_WARN_SUSPICIOUS_MOVE = YES;
				CLANG_WARN_UNGUARDED_AVAILABILITY = YES_AGGRESSIVE;
				CLANG_WARN_UNREACHABLE_CODE = YES;
				CLANG_WARN__DUPLICATE_METHOD_MATCH = YES;
				COPY_PHASE_STRIP = NO;
				DEBUG_INFORMATION_FORMAT = dwarf;
				ENABLE_STRICT_OBJC_MSGSEND = YES;
				ENABLE_TESTABILITY = YES;
				GCC_C_LANGUAGE_STANDARD = gnu11;
				GCC_DYNAMIC_NO_PIC = NO;
				GCC_NO_COMMON_BLOCKS = YES;
				GCC_OPTIMIZATION_LEVEL = 0;
				GCC_PREPROCESSOR_DEFINITIONS = (
					"DEBUG=1",
					"$(inherited)",
				);
				GCC_WARN_64_TO_32_BIT_CONVERSION = YES;
				GCC_WARN_ABOUT_RETURN_TYPE = YES_ERROR;
				GCC_WARN_UNDECLARED_SELECTOR = YES;
				GCC_WARN_UNINITIALIZED_AUTOS = YES_AGGRESSIVE;
				GCC_WARN_UNUSED_FUNCTION = YES;
				GCC_WARN_UNUSED_VARIABLE = YES;
				IPHONEOS_DEPLOYMENT_TARGET = 13.7;
				MTL_ENABLE_DEBUG_INFO = INCLUDE_SOURCE;
				MTL_FAST_MATH = YES;
				ONLY_ACTIVE_ARCH = YES;
				SDKROOT = iphoneos;
				SWIFT_ACTIVE_COMPILATION_CONDITIONS = DEBUG;
				SWIFT_OPTIMIZATION_LEVEL = "-Onone";
			};
			name = Debug;
		};
		06C25B38256345C200B7E8BD /* Release */ = {
			isa = XCBuildConfiguration;
			buildSettings = {
				ALWAYS_SEARCH_USER_PATHS = NO;
				CLANG_ANALYZER_NONNULL = YES;
				CLANG_ANALYZER_NUMBER_OBJECT_CONVERSION = YES_AGGRESSIVE;
				CLANG_CXX_LANGUAGE_STANDARD = "gnu++14";
				CLANG_CXX_LIBRARY = "libc++";
				CLANG_ENABLE_MODULES = YES;
				CLANG_ENABLE_OBJC_ARC = YES;
				CLANG_ENABLE_OBJC_WEAK = YES;
				CLANG_WARN_BLOCK_CAPTURE_AUTORELEASING = YES;
				CLANG_WARN_BOOL_CONVERSION = YES;
				CLANG_WARN_COMMA = YES;
				CLANG_WARN_CONSTANT_CONVERSION = YES;
				CLANG_WARN_DEPRECATED_OBJC_IMPLEMENTATIONS = YES;
				CLANG_WARN_DIRECT_OBJC_ISA_USAGE = YES_ERROR;
				CLANG_WARN_DOCUMENTATION_COMMENTS = YES;
				CLANG_WARN_EMPTY_BODY = YES;
				CLANG_WARN_ENUM_CONVERSION = YES;
				CLANG_WARN_INFINITE_RECURSION = YES;
				CLANG_WARN_INT_CONVERSION = YES;
				CLANG_WARN_NON_LITERAL_NULL_CONVERSION = YES;
				CLANG_WARN_OBJC_IMPLICIT_RETAIN_SELF = YES;
				CLANG_WARN_OBJC_LITERAL_CONVERSION = YES;
				CLANG_WARN_OBJC_ROOT_CLASS = YES_ERROR;
				CLANG_WARN_RANGE_LOOP_ANALYSIS = YES;
				CLANG_WARN_STRICT_PROTOTYPES = YES;
				CLANG_WARN_SUSPICIOUS_MOVE = YES;
				CLANG_WARN_UNGUARDED_AVAILABILITY = YES_AGGRESSIVE;
				CLANG_WARN_UNREACHABLE_CODE = YES;
				CLANG_WARN__DUPLICATE_METHOD_MATCH = YES;
				COPY_PHASE_STRIP = NO;
				DEBUG_INFORMATION_FORMAT = "dwarf-with-dsym";
				ENABLE_NS_ASSERTIONS = NO;
				ENABLE_STRICT_OBJC_MSGSEND = YES;
				GCC_C_LANGUAGE_STANDARD = gnu11;
				GCC_NO_COMMON_BLOCKS = YES;
				GCC_WARN_64_TO_32_BIT_CONVERSION = YES;
				GCC_WARN_ABOUT_RETURN_TYPE = YES_ERROR;
				GCC_WARN_UNDECLARED_SELECTOR = YES;
				GCC_WARN_UNINITIALIZED_AUTOS = YES_AGGRESSIVE;
				GCC_WARN_UNUSED_FUNCTION = YES;
				GCC_WARN_UNUSED_VARIABLE = YES;
				IPHONEOS_DEPLOYMENT_TARGET = 13.7;
				MTL_ENABLE_DEBUG_INFO = NO;
				MTL_FAST_MATH = YES;
				SDKROOT = iphoneos;
				SWIFT_COMPILATION_MODE = wholemodule;
				SWIFT_OPTIMIZATION_LEVEL = "-O";
				VALIDATE_PRODUCT = YES;
			};
			name = Release;
		};
		06C25B3A256345C200B7E8BD /* Debug */ = {
			isa = XCBuildConfiguration;
			buildSettings = {
				ASSETCATALOG_COMPILER_APPICON_NAME = AppIcon;
				CODE_SIGN_STYLE = Automatic;
				INFOPLIST_FILE = SillySong/Info.plist;
				LD_RUNPATH_SEARCH_PATHS = (
					"$(inherited)",
					"@executable_path/Frameworks",
				);
				PRODUCT_BUNDLE_IDENTIFIER = mubozk.SillySong;
				PRODUCT_NAME = "$(TARGET_NAME)";
				SWIFT_VERSION = 5.0;
				TARGETED_DEVICE_FAMILY = "1,2";
			};
			name = Debug;
		};
		06C25B3B256345C200B7E8BD /* Release */ = {
			isa = XCBuildConfiguration;
			buildSettings = {
				ASSETCATALOG_COMPILER_APPICON_NAME = AppIcon;
				CODE_SIGN_STYLE = Automatic;
				INFOPLIST_FILE = SillySong/Info.plist;
				LD_RUNPATH_SEARCH_PATHS = (
					"$(inherited)",
					"@executable_path/Frameworks",
				);
				PRODUCT_BUNDLE_IDENTIFIER = mubozk.SillySong;
				PRODUCT_NAME = "$(TARGET_NAME)";
				SWIFT_VERSION = 5.0;
				TARGETED_DEVICE_FAMILY = "1,2";
			};
			name = Release;
		};
		06C25B3D256345C200B7E8BD /* Debug */ = {
			isa = XCBuildConfiguration;
			buildSettings = {
				ALWAYS_EMBED_SWIFT_STANDARD_LIBRARIES = YES;
				BUNDLE_LOADER = "$(TEST_HOST)";
				CODE_SIGN_STYLE = Automatic;
				INFOPLIST_FILE = SillySongTests/Info.plist;
				IPHONEOS_DEPLOYMENT_TARGET = 13.7;
				LD_RUNPATH_SEARCH_PATHS = (
					"$(inherited)",
					"@executable_path/Frameworks",
					"@loader_path/Frameworks",
				);
				PRODUCT_BUNDLE_IDENTIFIER = mubozk.SillySongTests;
				PRODUCT_NAME = "$(TARGET_NAME)";
				SWIFT_VERSION = 5.0;
				TARGETED_DEVICE_FAMILY = "1,2";
				TEST_HOST = "$(BUILT_PRODUCTS_DIR)/SillySong.app/SillySong";
			};
			name = Debug;
		};
		06C25B3E256345C200B7E8BD /* Release */ = {
			isa = XCBuildConfiguration;
			buildSettings = {
				ALWAYS_EMBED_SWIFT_STANDARD_LIBRARIES = YES;
				BUNDLE_LOADER = "$(TEST_HOST)";
				CODE_SIGN_STYLE = Automatic;
				INFOPLIST_FILE = SillySongTests/Info.plist;
				IPHONEOS_DEPLOYMENT_TARGET = 13.7;
				LD_RUNPATH_SEARCH_PATHS = (
					"$(inherited)",
					"@executable_path/Frameworks",
					"@loader_path/Frameworks",
				);
				PRODUCT_BUNDLE_IDENTIFIER = mubozk.SillySongTests;
				PRODUCT_NAME = "$(TARGET_NAME)";
				SWIFT_VERSION = 5.0;
				TARGETED_DEVICE_FAMILY = "1,2";
				TEST_HOST = "$(BUILT_PRODUCTS_DIR)/SillySong.app/SillySong";
			};
			name = Release;
		};
/* End XCBuildConfiguration section */

/* Begin XCConfigurationList section */
		06C25B15256345BD00B7E8BD /* Build configuration list for PBXProject "SillySong" */ = {
			isa = XCConfigurationList;
			buildConfigurations = (
				06C25B37256345C200B7E8BD /* Debug */,
				06C25B38256345C200B7E8BD /* Release */,
			);
			defaultConfigurationIsVisible = 0;
			defaultConfigurationName = Release;
		};
		06C25B39256345C200B7E8BD /* Build configuration list for PBXNativeTarget "SillySong" */ = {
			isa = XCConfigurationList;
			buildConfigurations = (
				06C25B3A256345C200B7E8BD /* Debug */,
				06C25B3B256345C200B7E8BD /* Release */,
			);
			defaultConfigurationIsVisible = 0;
			defaultConfigurationName = Release;
		};
		06C25B3C256345C200B7E8BD /* Build configuration list for PBXNativeTarget "SillySongTests" */ = {
			isa = XCConfigurationList;
			buildConfigurations = (
				06C25B3D256345C200B7E8BD /* Debug */,
				06C25B3E256345C200B7E8BD /* Release */,
			);
			defaultConfigurationIsVisible = 0;
			defaultConfigurationName = Release;
		};
/* End XCConfigurationList section */
	};
	rootObject = 06C25B12256345BD00B7E8BD /* Project object */;
}
